{
  "originHash" : "39783c210862de041b45a22a36f704a23e2678cbb6d29e5be6fec7a208475440",
  "pins" : [
    {
      "identity" : "gltfkit2",
      "kind" : "remoteSourceControl",
      "location" : "https://github.com/warrenm/GLTFKit2",
      "state" : {
        "revision" : "e69e354c4f31ea07b7816b8cbe2ddb28e897d073",
        "version" : "0.5.15"
      }
    }
  ],
  "version" : 3
}
